github.com/a-castellano/go-services v0.0.12 h1:bEfY76k+n91TCcgl+kG2XARQVv6qNKXlGXAWrCRA/4o=
github.com/a-castellano/go-services v0.0.12/go.mod h1:bgaDl5j1pYG/eh1hYvz8lnFl9er2D4+vPHj6IqhBIws=
github.com/a-castellano/go-types v0.0.15 h1:2EYEPggiRRntOFp+M6uaYHPa5h8icFRtmWEM70542zk=
github.com/a-castellano/go-types v0.0.15/go.mod h1:oBCPWUnt03e08Vx9xK/glToogunkKghQwgIAhDBk95c=
